<?xml version="1.0" encoding="utf-8"?>
<Project ToolsVersion="4.0" xmlns="http://schemas.microsoft.com/developer/msbuild/2003">
  <ItemGroup>
    <Filter Include="源文件">
      <UniqueIdentifier>{4FC737F1-C7A5-4376-A066-2A32D752A2FF}</UniqueIdentifier>
      <Extensions>cpp;c;cc;cxx;def;odl;idl;hpj;bat;asm;asmx</Extensions>
    </Filter>
    <Filter Include="头文件">
      <UniqueIdentifier>{93995380-89BD-4b04-88EB-625FBE52EBFB}</UniqueIdentifier>
      <Extensions>h;hpp;hxx;hm;inl;inc;xsd</Extensions>
    </Filter>
    <Filter Include="资源文件">
      <UniqueIdentifier>{67DA6AB6-F800-4c08-8B7A-83BB121AAD01}</UniqueIdentifier>
      <Extensions>rc;ico;cur;bmp;dlg;rc2;rct;bin;rgs;gif;jpg;jpeg;jpe;resx;tiff;tif;png;wav;mfcribbon-ms</Extensions>
    </Filter>
    <Filter Include="Include">
      <UniqueIdentifier>{e4331b7c-a8b4-439f-bdf9-8df2ac5de08a}</UniqueIdentifier>
    </Filter>
    <Filter Include="Include\Memory">
      <UniqueIdentifier>{598bfd40-ab89-4bb2-916a-643cfe3e9d85}</UniqueIdentifier>
    </Filter>
    <Filter Include="Include\MultiThread">
      <UniqueIdentifier>{02880961-194b-444a-9232-9f04558a8caa}</UniqueIdentifier>
    </Filter>
  </ItemGroup>
  <ItemGroup>
    <None Include="ReadMe.txt" />
  </ItemGroup>
  <ItemGroup>
    <ClInclude Include="stdafx.h">
      <Filter>头文件</Filter>
    </ClInclude>
    <ClInclude Include="targetver.h">
      <Filter>头文件</Filter>
    </ClInclude>
    <ClInclude Include="include\Memory\Allocator.hpp">
      <Filter>Include\Memory</Filter>
    </ClInclude>
    <ClInclude Include="include\Memory\ContainerAllocator.hpp">
      <Filter>Include\Memory</Filter>
    </ClInclude>
    <ClInclude Include="include\Memory\FixedMemoryPool.hpp">
      <Filter>Include\Memory</Filter>
    </ClInclude>
    <ClInclude Include="include\Memory\MemAllocator.hpp">
      <Filter>Include\Memory</Filter>
    </ClInclude>
    <ClInclude Include="include\Memory\SGIMallocPool.hpp">
      <Filter>Include\Memory</Filter>
    </ClInclude>
    <ClInclude Include="include\Memory\SGIMemoryPool.hpp">
      <Filter>Include\Memory</Filter>
    </ClInclude>
    <ClInclude Include="include\MultiThread\Lock.hpp">
      <Filter>Include\MultiThread</Filter>
    </ClInclude>
    <ClInclude Include="include\MultiThread\Thread.hpp">
      <Filter>Include\MultiThread</Filter>
    </ClInclude>
    <ClInclude Include="OtherMempryPool.h">
      <Filter>头文件</Filter>
    </ClInclude>
    <ClInclude Include="Pool.h">
      <Filter>头文件</Filter>
    </ClInclude>
    <ClInclude Include="QPerformance.h">
      <Filter>头文件</Filter>
    </ClInclude>
    <ClInclude Include="MemoryPool.h">
      <Filter>头文件</Filter>
    </ClInclude>
    <ClInclude Include="MemManager.h">
      <Filter>头文件</Filter>
    </ClInclude>
  </ItemGroup>
  <ItemGroup>
    <ClCompile Include="stdafx.cpp">
      <Filter>源文件</Filter>
    </ClCompile>
    <ClCompile Include="dllmain.cpp">
      <Filter>源文件</Filter>
    </ClCompile>
    <ClCompile Include="MemoryPool.cpp">
      <Filter>头文件</Filter>
    </ClCompile>
    <ClCompile Include="MemManager.cpp">
      <Filter>头文件</Filter>
    </ClCompile>
  </ItemGroup>
</Project>